
Microsoft Visual Studio Solution File, Format Version 12.00
# Visual Studio Version 16
VisualStudioVersion = 16.0.31105.61
MinimumVisualStudioVersion = 10.0.40219.1
Project("{FAE04EC0-301F-11D3-BF4B-00C04F79EFBC}") = "WindowsFormsApp6", "WindowsFormsApp6\WindowsFormsApp6.csproj", "{3585F184-780D-47DD-A9F2-03B98950CAFA}"
EndProject
Global
	GlobalSection(SolutionConfigurationPlatforms) = preSolution
		Debug|Any CPU = Debug|Any CPU
		Release|Any CPU = Release|Any CPU
	EndGlobalSection
	GlobalSection(ProjectConfigurationPlatforms) = postSolution
		{3585F184-780D-47DD-A9F2-03B98950CAFA}.Debug|Any CPU.ActiveCfg = Debug|Any CPU
		{3585F184-780D-47DD-A9F2-03B98950CAFA}.Debug|Any CPU.Build.0 = Debug|Any CPU
		{3585F184-780D-47DD-A9F2-03B98950CAFA}.Release|Any CPU.ActiveCfg = Release|Any CPU
		{3585F184-780D-47DD-A9F2-03B98950CAFA}.Release|Any CPU.Build.0 = Release|Any CPU
	EndGlobalSection
	GlobalSection(SolutionProperties) = preSolution
		HideSolutionNode = FALSE
	EndGlobalSection
	GlobalSection(ExtensibilityGlobals) = postSolution
		SolutionGuid = {64A1CC33-373B-4A6E-9F1C-975D70561AF0}
	EndGlobalSection
EndGlobal
